// !$*UTF8*$!
{
	archiveVersion = 1;
	classes = {
	};
	objectVersion = 56;
	objects = {

/* Begin PBXBuildFile section */
		13B78AD72ACDC0A700FC70CC /* StableChannelsApp.swift in Sources */ = {isa = PBXBuildFile; fileRef = 13B78AD62ACDC0A700FC70CC /* StableChannelsApp.swift */; };
		13B78AD92ACDC0A700FC70CC /* ContentView.swift in Sources */ = {isa = PBXBuildFile; fileRef = 13B78AD82ACDC0A700FC70CC /* ContentView.swift */; };
		13B78ADB2ACDC0A800FC70CC /* Assets.xcassets in Resources */ = {isa = PBXBuildFile; fileRef = 13B78ADA2ACDC0A800FC70CC /* Assets.xcassets */; };
		13B78ADE2ACDC0A800FC70CC /* Preview Assets.xcassets in Resources */ = {isa = PBXBuildFile; fileRef = 13B78ADD2ACDC0A800FC70CC /* Preview Assets.xcassets */; };
		13B78AE02ACDC0A800FC70CC /* Persistence.swift in Sources */ = {isa = PBXBuildFile; fileRef = 13B78ADF2ACDC0A800FC70CC /* Persistence.swift */; };
		13B78AE32ACDC0A800FC70CC /* StableChannels.xcdatamodeld in Sources */ = {isa = PBXBuildFile; fileRef = 13B78AE12ACDC0A800FC70CC /* StableChannels.xcdatamodeld */; };
		13B78AED2ACDC0A800FC70CC /* StableChannelsTests.swift in Sources */ = {isa = PBXBuildFile; fileRef = 13B78AEC2ACDC0A800FC70CC /* StableChannelsTests.swift */; };
		13B78AF72ACDC0A800FC70CC /* StableChannelsUITests.swift in Sources */ = {isa = PBXBuildFile; fileRef = 13B78AF62ACDC0A800FC70CC /* StableChannelsUITests.swift */; };
		13B78AF92ACDC0A800FC70CC /* StableChannelsUITestsLaunchTests.swift in Sources */ = {isa = PBXBuildFile; fileRef = 13B78AF82ACDC0A800FC70CC /* StableChannelsUITestsLaunchTests.swift */; };
/* End PBXBuildFile section */

/* Begin PBXContainerItemProxy section */
		13B78AE92ACDC0A800FC70CC /* PBXContainerItemProxy */ = {
			isa = PBXContainerItemProxy;
			containerPortal = 13B78ACB2ACDC0A700FC70CC /* Project object */;
			proxyType = 1;
			remoteGlobalIDString = 13B78AD22ACDC0A700FC70CC;
			remoteInfo = StableChannels;
		};
		13B78AF32ACDC0A800FC70CC /* PBXContainerItemProxy */ = {
			isa = PBXContainerItemProxy;
			containerPortal = 13B78ACB2ACDC0A700FC70CC /* Project object */;
			proxyType = 1;
			remoteGlobalIDString = 13B78AD22ACDC0A700FC70CC;
			remoteInfo = StableChannels;
		};
/* End PBXContainerItemProxy section */

/* Begin PBXFileReference section */
		13B78AD32ACDC0A700FC70CC /* StableChannels.app */ = {isa = PBXFileReference; explicitFileType = wrapper.application; includeInIndex = 0; path = StableChannels.app; sourceTree = BUILT_PRODUCTS_DIR; };
		13B78AD62ACDC0A700FC70CC /* StableChannelsApp.swift */ = {isa = PBXFileReference; lastKnownFileType = sourcecode.swift; path = StableChannelsApp.swift; sourceTree = "<group>"; };
		13B78AD82ACDC0A700FC70CC /* ContentView.swift */ = {isa = PBXFileReference; lastKnownFileType = sourcecode.swift; path = ContentView.swift; sourceTree = "<group>"; };
		13B78ADA2ACDC0A800FC70CC /* Assets.xcassets */ = {isa = PBXFileReference; lastKnownFileType = folder.assetcatalog; path = Assets.xcassets; sourceTree = "<group>"; };
		13B78ADD2ACDC0A800FC70CC /* Preview Assets.xcassets */ = {isa = PBXFileReference; lastKnownFileType = folder.assetcatalog; path = "Preview Assets.xcassets"; sourceTree = "<group>"; };
		13B78ADF2ACDC0A800FC70CC /* Persistence.swift */ = {isa = PBXFileReference; lastKnownFileType = sourcecode.swift; path = Persistence.swift; sourceTree = "<group>"; };
		13B78AE22ACDC0A800FC70CC /* StableChannels.xcdatamodel */ = {isa = PBXFileReference; lastKnownFileType = wrapper.xcdatamodel; path = StableChannels.xcdatamodel; sourceTree = "<group>"; };
		13B78AE82ACDC0A800FC70CC /* StableChannelsTests.xctest */ = {isa = PBXFileReference; explicitFileType = wrapper.cfbundle; includeInIndex = 0; path = StableChannelsTests.xctest; sourceTree = BUILT_PRODUCTS_DIR; };
		13B78AEC2ACDC0A800FC70CC /* StableChannelsTests.swift */ = {isa = PBXFileReference; lastKnownFileType = sourcecode.swift; path = StableChannelsTests.swift; sourceTree = "<group>"; };
		13B78AF22ACDC0A800FC70CC /* StableChannelsUITests.xctest */ = {isa = PBXFileReference; explicitFileType = wrapper.cfbundle; includeInIndex = 0; path = StableChannelsUITests.xctest; sourceTree = BUILT_PRODUCTS_DIR; };
		13B78AF62ACDC0A800FC70CC /* StableChannelsUITests.swift */ = {isa = PBXFileReference; lastKnownFileType = sourcecode.swift; path = StableChannelsUITests.swift; sourceTree = "<group>"; };
		13B78AF82ACDC0A800FC70CC /* StableChannelsUITestsLaunchTests.swift */ = {isa = PBXFileReference; lastKnownFileType = sourcecode.swift; path = StableChannelsUITestsLaunchTests.swift; sourceTree = "<group>"; };
/* End PBXFileReference section */

/* Begin PBXFrameworksBuildPhase section */
		13B78AD02ACDC0A700FC70CC /* Frameworks */ = {
			isa = PBXFrameworksBuildPhase;
			buildActionMask = 2147483647;
			files = (
			);
			runOnlyForDeploymentPostprocessing = 0;
		};
		13B78AE52ACDC0A800FC70CC /* Frameworks */ = {
			isa = PBXFrameworksBuildPhase;
			buildActionMask = 2147483647;
			files = (
			);
			runOnlyForDeploymentPostprocessing = 0;
		};
		13B78AEF2ACDC0A800FC70CC /* Frameworks */ = {
			isa = PBXFrameworksBuildPhase;
			buildActionMask = 2147483647;
			files = (
			);
			runOnlyForDeploymentPostprocessing = 0;
		};
/* End PBXFrameworksBuildPhase section */

/* Begin PBXGroup section */
		13B78ACA2ACDC0A700FC70CC = {
			isa = PBXGroup;
			children = (
				13B78AD52ACDC0A700FC70CC /* StableChannels */,
				13B78AEB2ACDC0A800FC70CC /* StableChannelsTests */,
				13B78AF52ACDC0A800FC70CC /* StableChannelsUITests */,
				13B78AD42ACDC0A700FC70CC /* Products */,
			);
			sourceTree = "<group>";
		};
		13B78AD42ACDC0A700FC70CC /* Products */ = {
			isa = PBXGroup;
			children = (
				13B78AD32ACDC0A700FC70CC /* StableChannels.app */,
				13B78AE82ACDC0A800FC70CC /* StableChannelsTests.xctest */,
				13B78AF22ACDC0A800FC70CC /* StableChannelsUITests.xctest */,
			);
			name = Products;
			sourceTree = "<group>";
		};
		13B78AD52ACDC0A700FC70CC /* StableChannels */ = {
			isa = PBXGroup;
			children = (
				13B78AD62ACDC0A700FC70CC /* StableChannelsApp.swift */,
				13B78AD82ACDC0A700FC70CC /* ContentView.swift */,
				13B78ADA2ACDC0A800FC70CC /* Assets.xcassets */,
				13B78ADF2ACDC0A800FC70CC /* Persistence.swift */,
				13B78AE12ACDC0A800FC70CC /* StableChannels.xcdatamodeld */,
				13B78ADC2ACDC0A800FC70CC /* Preview Content */,
			);
			path = StableChannels;
			sourceTree = "<group>";
		};
		13B78ADC2ACDC0A800FC70CC /* Preview Content */ = {
			isa = PBXGroup;
			children = (
				13B78ADD2ACDC0A800FC70CC /* Preview Assets.xcassets */,
			);
			path = "Preview Content";
			sourceTree = "<group>";
		};
		13B78AEB2ACDC0A800FC70CC /* StableChannelsTests */ = {
			isa = PBXGroup;
			children = (
				13B78AEC2ACDC0A800FC70CC /* StableChannelsTests.swift */,
			);
			path = StableChannelsTests;
			sourceTree = "<group>";
		};
		13B78AF52ACDC0A800FC70CC /* StableChannelsUITests */ = {
			isa = PBXGroup;
			children = (
				13B78AF62ACDC0A800FC70CC /* StableChannelsUITests.swift */,
				13B78AF82ACDC0A800FC70CC /* StableChannelsUITestsLaunchTests.swift */,
			);
			path = StableChannelsUITests;
			sourceTree = "<group>";
		};
/* End PBXGroup section */

/* Begin PBXNativeTarget section */
		13B78AD22ACDC0A700FC70CC /* StableChannels */ = {
			isa = PBXNativeTarget;
			buildConfigurationList = 13B78AFC2ACDC0A800FC70CC /* Build configuration list for PBXNativeTarget "StableChannels" */;
			buildPhases = (
				13B78ACF2ACDC0A700FC70CC /* Sources */,
				13B78AD02ACDC0A700FC70CC /* Frameworks */,
				13B78AD12ACDC0A700FC70CC /* Resources */,
			);
			buildRules = (
			);
			dependencies = (
			);
			name = StableChannels;
			productName = StableChannels;
			productReference = 13B78AD32ACDC0A700FC70CC /* StableChannels.app */;
			productType = "com.apple.product-type.application";
		};
		13B78AE72ACDC0A800FC70CC /* StableChannelsTests */ = {
			isa = PBXNativeTarget;
			buildConfigurationList = 13B78AFF2ACDC0A800FC70CC /* Build configuration list for PBXNativeTarget "StableChannelsTests" */;
			buildPhases = (
				13B78AE42ACDC0A800FC70CC /* Sources */,
				13B78AE52ACDC0A800FC70CC /* Frameworks */,
				13B78AE62ACDC0A800FC70CC /* Resources */,
			);
			buildRules = (
			);
			dependencies = (
				13B78AEA2ACDC0A800FC70CC /* PBXTargetDependency */,
			);
			name = StableChannelsTests;
			productName = StableChannelsTests;
			productReference = 13B78AE82ACDC0A800FC70CC /* StableChannelsTests.xctest */;
			productType = "com.apple.product-type.bundle.unit-test";
		};
		13B78AF12ACDC0A800FC70CC /* StableChannelsUITests */ = {
			isa = PBXNativeTarget;
			buildConfigurationList = 13B78B022ACDC0A800FC70CC /* Build configuration list for PBXNativeTarget "StableChannelsUITests" */;
			buildPhases = (
				13B78AEE2ACDC0A800FC70CC /* Sources */,
				13B78AEF2ACDC0A800FC70CC /* Frameworks */,
				13B78AF02ACDC0A800FC70CC /* Resources */,
			);
			buildRules = (
			);
			dependencies = (
				13B78AF42ACDC0A800FC70CC /* PBXTargetDependency */,
			);
			name = StableChannelsUITests;
			productName = StableChannelsUITests;
			productReference = 13B78AF22ACDC0A800FC70CC /* StableChannelsUITests.xctest */;
			productType = "com.apple.product-type.bundle.ui-testing";
		};
/* End PBXNativeTarget section */

/* Begin PBXProject section */
		13B78ACB2ACDC0A700FC70CC /* Project object */ = {
			isa = PBXProject;
			attributes = {
				BuildIndependentTargetsInParallel = 1;
				LastSwiftUpdateCheck = 1430;
				LastUpgradeCheck = 1430;
				TargetAttributes = {
					13B78AD22ACDC0A700FC70CC = {
						CreatedOnToolsVersion = 14.3;
					};
					13B78AE72ACDC0A800FC70CC = {
						CreatedOnToolsVersion = 14.3;
						TestTargetID = 13B78AD22ACDC0A700FC70CC;
					};
					13B78AF12ACDC0A800FC70CC = {
						CreatedOnToolsVersion = 14.3;
						TestTargetID = 13B78AD22ACDC0A700FC70CC;
					};
				};
			};
			buildConfigurationList = 13B78ACE2ACDC0A700FC70CC /* Build configuration list for PBXProject "StableChannels" */;
			compatibilityVersion = "Xcode 14.0";
			developmentRegion = en;
			hasScannedForEncodings = 0;
			knownRegions = (
				en,
				Base,
			);
			mainGroup = 13B78ACA2ACDC0A700FC70CC;
			productRefGroup = 13B78AD42ACDC0A700FC70CC /* Products */;
			projectDirPath = "";
			projectRoot = "";
			targets = (
				13B78AD22ACDC0A700FC70CC /* StableChannels */,
				13B78AE72ACDC0A800FC70CC /* StableChannelsTests */,
				13B78AF12ACDC0A800FC70CC /* StableChannelsUITests */,
			);
		};
/* End PBXProject section */

/* Begin PBXResourcesBuildPhase section */
		13B78AD12ACDC0A700FC70CC /* Resources */ = {
			isa = PBXResourcesBuildPhase;
			buildActionMask = 2147483647;
			files = (
				13B78ADE2ACDC0A800FC70CC /* Preview Assets.xcassets in Resources */,
				13B78ADB2ACDC0A800FC70CC /* Assets.xcassets in Resources */,
			);
			runOnlyForDeploymentPostprocessing = 0;
		};
		13B78AE62ACDC0A800FC70CC /* Resources */ = {
			isa = PBXResourcesBuildPhase;
			buildActionMask = 2147483647;
			files = (
			);
			runOnlyForDeploymentPostprocessing = 0;
		};
		13B78AF02ACDC0A800FC70CC /* Resources */ = {
			isa = PBXResourcesBuildPhase;
			buildActionMask = 2147483647;
			files = (
			);
			runOnlyForDeploymentPostprocessing = 0;
		};
/* End PBXResourcesBuildPhase section */

/* Begin PBXSourcesBuildPhase section */
		13B78ACF2ACDC0A700FC70CC /* Sources */ = {
			isa = PBXSourcesBuildPhase;
			buildActionMask = 2147483647;
			files = (
				13B78AE02ACDC0A800FC70CC /* Persistence.swift in Sources */,
				13B78AD92ACDC0A700FC70CC /* ContentView.swift in Sources */,
				13B78AE32ACDC0A800FC70CC /* StableChannels.xcdatamodeld in Sources */,
				13B78AD72ACDC0A700FC70CC /* StableChannelsApp.swift in Sources */,
			);
			runOnlyForDeploymentPostprocessing = 0;
		};
		13B78AE42ACDC0A800FC70CC /* Sources */ = {
			isa = PBXSourcesBuildPhase;
			buildActionMask = 2147483647;
			files = (
				13B78AED2ACDC0A800FC70CC /* StableChannelsTests.swift in Sources */,
			);
			runOnlyForDeploymentPostprocessing = 0;
		};
		13B78AEE2ACDC0A800FC70CC /* Sources */ = {
			isa = PBXSourcesBuildPhase;
			buildActionMask = 2147483647;
			files = (
				13B78AF72ACDC0A800FC70CC /* StableChannelsUITests.swift in Sources */,
				13B78AF92ACDC0A800FC70CC /* StableChannelsUITestsLaunchTests.swift in Sources */,
			);
			runOnlyForDeploymentPostprocessing = 0;
		};
/* End PBXSourcesBuildPhase section */

/* Begin PBXTargetDependency section */
		13B78AEA2ACDC0A800FC70CC /* PBXTargetDependency */ = {
			isa = PBXTargetDependency;
			target = 13B78AD22ACDC0A700FC70CC /* StableChannels */;
			targetProxy = 13B78AE92ACDC0A800FC70CC /* PBXContainerItemProxy */;
		};
		13B78AF42ACDC0A800FC70CC /* PBXTargetDependency */ = {
			isa = PBXTargetDependency;
			target = 13B78AD22ACDC0A700FC70CC /* StableChannels */;
			targetProxy = 13B78AF32ACDC0A800FC70CC /* PBXContainerItemProxy */;
		};
/* End PBXTargetDependency section */

/* Begin XCBuildConfiguration section */
		13B78AFA2ACDC0A800FC70CC /* Debug */ = {
			isa = XCBuildConfiguration;
			buildSettings = {
				ALWAYS_SEARCH_USER_PATHS = NO;
				CLANG_ANALYZER_NONNULL = YES;
				CLANG_ANALYZER_NUMBER_OBJECT_CONVERSION = YES_AGGRESSIVE;
				CLANG_CXX_LANGUAGE_STANDARD = "gnu++20";
				CLANG_ENABLE_MODULES = YES;
				CLANG_ENABLE_OBJC_ARC = YES;
				CLANG_ENABLE_OBJC_WEAK = YES;
				CLANG_WARN_BLOCK_CAPTURE_AUTORELEASING = YES;
				CLANG_WARN_BOOL_CONVERSION = YES;
				CLANG_WARN_COMMA = YES;
				CLANG_WARN_CONSTANT_CONVERSION = YES;
				CLANG_WARN_DEPRECATED_OBJC_IMPLEMENTATIONS = YES;
				CLANG_WARN_DIRECT_OBJC_ISA_USAGE = YES_ERROR;
				CLANG_WARN_DOCUMENTATION_COMMENTS = YES;
				CLANG_WARN_EMPTY_BODY = YES;
				CLANG_WARN_ENUM_CONVERSION = YES;
				CLANG_WARN_INFINITE_RECURSION = YES;
				CLANG_WARN_INT_CONVERSION = YES;
				CLANG_WARN_NON_LITERAL_NULL_CONVERSION = YES;
				CLANG_WARN_OBJC_IMPLICIT_RETAIN_SELF = YES;
				CLANG_WARN_OBJC_LITERAL_CONVERSION = YES;
				CLANG_WARN_OBJC_ROOT_CLASS = YES_ERROR;
				CLANG_WARN_QUOTED_INCLUDE_IN_FRAMEWORK_HEADER = YES;
				CLANG_WARN_RANGE_LOOP_ANALYSIS = YES;
				CLANG_WARN_STRICT_PROTOTYPES = YES;
				CLANG_WARN_SUSPICIOUS_MOVE = YES;
				CLANG_WARN_UNGUARDED_AVAILABILITY = YES_AGGRESSIVE;
				CLANG_WARN_UNREACHABLE_CODE = YES;
				CLANG_WARN__DUPLICATE_METHOD_MATCH = YES;
				COPY_PHASE_STRIP = NO;
				DEBUG_INFORMATION_FORMAT = dwarf;
				ENABLE_STRICT_OBJC_MSGSEND = YES;
				ENABLE_TESTABILITY = YES;
				GCC_C_LANGUAGE_STANDARD = gnu11;
				GCC_DYNAMIC_NO_PIC = NO;
				GCC_NO_COMMON_BLOCKS = YES;
				GCC_OPTIMIZATION_LEVEL = 0;
				GCC_PREPROCESSOR_DEFINITIONS = (
					"DEBUG=1",
					"$(inherited)",
				);
				GCC_WARN_64_TO_32_BIT_CONVERSION = YES;
				GCC_WARN_ABOUT_RETURN_TYPE = YES_ERROR;
				GCC_WARN_UNDECLARED_SELECTOR = YES;
				GCC_WARN_UNINITIALIZED_AUTOS = YES_AGGRESSIVE;
				GCC_WARN_UNUSED_FUNCTION = YES;
				GCC_WARN_UNUSED_VARIABLE = YES;
				IPHONEOS_DEPLOYMENT_TARGET = 16.4;
				MTL_ENABLE_DEBUG_INFO = INCLUDE_SOURCE;
				MTL_FAST_MATH = YES;
				ONLY_ACTIVE_ARCH = YES;
				SDKROOT = iphoneos;
				SWIFT_ACTIVE_COMPILATION_CONDITIONS = DEBUG;
				SWIFT_OPTIMIZATION_LEVEL = "-Onone";
			};
			name = Debug;
		};
		13B78AFB2ACDC0A800FC70CC /* Release */ = {
			isa = XCBuildConfiguration;
			buildSettings = {
				ALWAYS_SEARCH_USER_PATHS = NO;
				CLANG_ANALYZER_NONNULL = YES;
				CLANG_ANALYZER_NUMBER_OBJECT_CONVERSION = YES_AGGRESSIVE;
				CLANG_CXX_LANGUAGE_STANDARD = "gnu++20";
				CLANG_ENABLE_MODULES = YES;
				CLANG_ENABLE_OBJC_ARC = YES;
				CLANG_ENABLE_OBJC_WEAK = YES;
				CLANG_WARN_BLOCK_CAPTURE_AUTORELEASING = YES;
				CLANG_WARN_BOOL_CONVERSION = YES;
				CLANG_WARN_COMMA = YES;
				CLANG_WARN_CONSTANT_CONVERSION = YES;
				CLANG_WARN_DEPRECATED_OBJC_IMPLEMENTATIONS = YES;
				CLANG_WARN_DIRECT_OBJC_ISA_USAGE = YES_ERROR;
				CLANG_WARN_DOCUMENTATION_COMMENTS = YES;
				CLANG_WARN_EMPTY_BODY = YES;
				CLANG_WARN_ENUM_CONVERSION = YES;
				CLANG_WARN_INFINITE_RECURSION = YES;
				CLANG_WARN_INT_CONVERSION = YES;
				CLANG_WARN_NON_LITERAL_NULL_CONVERSION = YES;
				CLANG_WARN_OBJC_IMPLICIT_RETAIN_SELF = YES;
				CLANG_WARN_OBJC_LITERAL_CONVERSION = YES;
				CLANG_WARN_OBJC_ROOT_CLASS = YES_ERROR;
				CLANG_WARN_QUOTED_INCLUDE_IN_FRAMEWORK_HEADER = YES;
				CLANG_WARN_RANGE_LOOP_ANALYSIS = YES;
				CLANG_WARN_STRICT_PROTOTYPES = YES;
				CLANG_WARN_SUSPICIOUS_MOVE = YES;
				CLANG_WARN_UNGUARDED_AVAILABILITY = YES_AGGRESSIVE;
				CLANG_WARN_UNREACHABLE_CODE = YES;
				CLANG_WARN__DUPLICATE_METHOD_MATCH = YES;
				COPY_PHASE_STRIP = NO;
				DEBUG_INFORMATION_FORMAT = "dwarf-with-dsym";
				ENABLE_NS_ASSERTIONS = NO;
				ENABLE_STRICT_OBJC_MSGSEND = YES;
				GCC_C_LANGUAGE_STANDARD = gnu11;
				GCC_NO_COMMON_BLOCKS = YES;
				GCC_WARN_64_TO_32_BIT_CONVERSION = YES;
				GCC_WARN_ABOUT_RETURN_TYPE = YES_ERROR;
				GCC_WARN_UNDECLARED_SELECTOR = YES;
				GCC_WARN_UNINITIALIZED_AUTOS = YES_AGGRESSIVE;
				GCC_WARN_UNUSED_FUNCTION = YES;
				GCC_WARN_UNUSED_VARIABLE = YES;
				IPHONEOS_DEPLOYMENT_TARGET = 16.4;
				MTL_ENABLE_DEBUG_INFO = NO;
				MTL_FAST_MATH = YES;
				SDKROOT = iphoneos;
				SWIFT_COMPILATION_MODE = wholemodule;
				SWIFT_OPTIMIZATION_LEVEL = "-O";
				VALIDATE_PRODUCT = YES;
			};
			name = Release;
		};
		13B78AFD2ACDC0A800FC70CC /* Debug */ = {
			isa = XCBuildConfiguration;
			buildSettings = {
				ASSETCATALOG_COMPILER_APPICON_NAME = AppIcon;
				ASSETCATALOG_COMPILER_GLOBAL_ACCENT_COLOR_NAME = AccentColor;
				CODE_SIGN_STYLE = Automatic;
				CURRENT_PROJECT_VERSION = 1;
				DEVELOPMENT_ASSET_PATHS = "\"StableChannels/Preview Content\"";
				DEVELOPMENT_TEAM = VJF3VBKXV9;
				ENABLE_PREVIEWS = YES;
				GENERATE_INFOPLIST_FILE = YES;
				INFOPLIST_KEY_UIApplicationSceneManifest_Generation = YES;
				INFOPLIST_KEY_UIApplicationSupportsIndirectInputEvents = YES;
				INFOPLIST_KEY_UILaunchScreen_Generation = YES;
				INFOPLIST_KEY_UISupportedInterfaceOrientations_iPad = "UIInterfaceOrientationPortrait UIInterfaceOrientationPortraitUpsideDown UIInterfaceOrientationLandscapeLeft UIInterfaceOrientationLandscapeRight";
				INFOPLIST_KEY_UISupportedInterfaceOrientations_iPhone = "UIInterfaceOrientationPortrait UIInterfaceOrientationLandscapeLeft UIInterfaceOrientationLandscapeRight";
				LD_RUNPATH_SEARCH_PATHS = (
					"$(inherited)",
					"@executable_path/Frameworks",
				);
				MARKETING_VERSION = 1.0;
				PRODUCT_BUNDLE_IDENTIFIER = StableChannels.StableChannels;
				PRODUCT_NAME = "$(TARGET_NAME)";
				SWIFT_EMIT_LOC_STRINGS = YES;
				SWIFT_VERSION = 5.0;
				TARGETED_DEVICE_FAMILY = "1,2";
			};
			name = Debug;
		};
		13B78AFE2ACDC0A800FC70CC /* Release */ = {
			isa = XCBuildConfiguration;
			buildSettings = {
				ASSETCATALOG_COMPILER_APPICON_NAME = AppIcon;
				ASSETCATALOG_COMPILER_GLOBAL_ACCENT_COLOR_NAME = AccentColor;
				CODE_SIGN_STYLE = Automatic;
				CURRENT_PROJECT_VERSION = 1;
				DEVELOPMENT_ASSET_PATHS = "\"StableChannels/Preview Content\"";
				DEVELOPMENT_TEAM = VJF3VBKXV9;
				ENABLE_PREVIEWS = YES;
				GENERATE_INFOPLIST_FILE = YES;
				INFOPLIST_KEY_UIApplicationSceneManifest_Generation = YES;
				INFOPLIST_KEY_UIApplicationSupportsIndirectInputEvents = YES;
				INFOPLIST_KEY_UILaunchScreen_Generation = YES;
				INFOPLIST_KEY_UISupportedInterfaceOrientations_iPad = "UIInterfaceOrientationPortrait UIInterfaceOrientationPortraitUpsideDown UIInterfaceOrientationLandscapeLeft UIInterfaceOrientationLandscapeRight";
				INFOPLIST_KEY_UISupportedInterfaceOrientations_iPhone = "UIInterfaceOrientationPortrait UIInterfaceOrientationLandscapeLeft UIInterfaceOrientationLandscapeRight";
				LD_RUNPATH_SEARCH_PATHS = (
					"$(inherited)",
					"@executable_path/Frameworks",
				);
				MARKETING_VERSION = 1.0;
				PRODUCT_BUNDLE_IDENTIFIER = StableChannels.StableChannels;
				PRODUCT_NAME = "$(TARGET_NAME)";
				SWIFT_EMIT_LOC_STRINGS = YES;
				SWIFT_VERSION = 5.0;
				TARGETED_DEVICE_FAMILY = "1,2";
			};
			name = Release;
		};
		13B78B002ACDC0A800FC70CC /* Debug */ = {
			isa = XCBuildConfiguration;
			buildSettings = {
				ALWAYS_EMBED_SWIFT_STANDARD_LIBRARIES = YES;
				BUNDLE_LOADER = "$(TEST_HOST)";
				CODE_SIGN_STYLE = Automatic;
				CURRENT_PROJECT_VERSION = 1;
				DEVELOPMENT_TEAM = VJF3VBKXV9;
				GENERATE_INFOPLIST_FILE = YES;
				IPHONEOS_DEPLOYMENT_TARGET = 16.4;
				MARKETING_VERSION = 1.0;
				PRODUCT_BUNDLE_IDENTIFIER = StableChannels.StableChannelsTests;
				PRODUCT_NAME = "$(TARGET_NAME)";
				SWIFT_EMIT_LOC_STRINGS = NO;
				SWIFT_VERSION = 5.0;
				TARGETED_DEVICE_FAMILY = "1,2";
				TEST_HOST = "$(BUILT_PRODUCTS_DIR)/StableChannels.app/$(BUNDLE_EXECUTABLE_FOLDER_PATH)/StableChannels";
			};
			name = Debug;
		};
		13B78B012ACDC0A800FC70CC /* Release */ = {
			isa = XCBuildConfiguration;
			buildSettings = {
				ALWAYS_EMBED_SWIFT_STANDARD_LIBRARIES = YES;
				BUNDLE_LOADER = "$(TEST_HOST)";
				CODE_SIGN_STYLE = Automatic;
				CURRENT_PROJECT_VERSION = 1;
				DEVELOPMENT_TEAM = VJF3VBKXV9;
				GENERATE_INFOPLIST_FILE = YES;
				IPHONEOS_DEPLOYMENT_TARGET = 16.4;
				MARKETING_VERSION = 1.0;
				PRODUCT_BUNDLE_IDENTIFIER = StableChannels.StableChannelsTests;
				PRODUCT_NAME = "$(TARGET_NAME)";
				SWIFT_EMIT_LOC_STRINGS = NO;
				SWIFT_VERSION = 5.0;
				TARGETED_DEVICE_FAMILY = "1,2";
				TEST_HOST = "$(BUILT_PRODUCTS_DIR)/StableChannels.app/$(BUNDLE_EXECUTABLE_FOLDER_PATH)/StableChannels";
			};
			name = Release;
		};
		13B78B032ACDC0A800FC70CC /* Debug */ = {
			isa = XCBuildConfiguration;
			buildSettings = {
				ALWAYS_EMBED_SWIFT_STANDARD_LIBRARIES = YES;
				CODE_SIGN_STYLE = Automatic;
				CURRENT_PROJECT_VERSION = 1;
				DEVELOPMENT_TEAM = VJF3VBKXV9;
				GENERATE_INFOPLIST_FILE = YES;
				MARKETING_VERSION = 1.0;
				PRODUCT_BUNDLE_IDENTIFIER = StableChannels.StableChannelsUITests;
				PRODUCT_NAME = "$(TARGET_NAME)";
				SWIFT_EMIT_LOC_STRINGS = NO;
				SWIFT_VERSION = 5.0;
				TARGETED_DEVICE_FAMILY = "1,2";
				TEST_TARGET_NAME = StableChannels;
			};
			name = Debug;
		};
		13B78B042ACDC0A800FC70CC /* Release */ = {
			isa = XCBuildConfiguration;
			buildSettings = {
				ALWAYS_EMBED_SWIFT_STANDARD_LIBRARIES = YES;
				CODE_SIGN_STYLE = Automatic;
				CURRENT_PROJECT_VERSION = 1;
				DEVELOPMENT_TEAM = VJF3VBKXV9;
				GENERATE_INFOPLIST_FILE = YES;
				MARKETING_VERSION = 1.0;
				PRODUCT_BUNDLE_IDENTIFIER = StableChannels.StableChannelsUITests;
				PRODUCT_NAME = "$(TARGET_NAME)";
				SWIFT_EMIT_LOC_STRINGS = NO;
				SWIFT_VERSION = 5.0;
				TARGETED_DEVICE_FAMILY = "1,2";
				TEST_TARGET_NAME = StableChannels;
			};
			name = Release;
		};
/* End XCBuildConfiguration section */

/* Begin XCConfigurationList section */
		13B78ACE2ACDC0A700FC70CC /* Build configuration list for PBXProject "StableChannels" */ = {
			isa = XCConfigurationList;
			buildConfigurations = (
				13B78AFA2ACDC0A800FC70CC /* Debug */,
				13B78AFB2ACDC0A800FC70CC /* Release */,
			);
			defaultConfigurationIsVisible = 0;
			defaultConfigurationName = Release;
		};
		13B78AFC2ACDC0A800FC70CC /* Build configuration list for PBXNativeTarget "StableChannels" */ = {
			isa = XCConfigurationList;
			buildConfigurations = (
				13B78AFD2ACDC0A800FC70CC /* Debug */,
				13B78AFE2ACDC0A800FC70CC /* Release */,
			);
			defaultConfigurationIsVisible = 0;
			defaultConfigurationName = Release;
		};
		13B78AFF2ACDC0A800FC70CC /* Build configuration list for PBXNativeTarget "StableChannelsTests" */ = {
			isa = XCConfigurationList;
			buildConfigurations = (
				13B78B002ACDC0A800FC70CC /* Debug */,
				13B78B012ACDC0A800FC70CC /* Release */,
			);
			defaultConfigurationIsVisible = 0;
			defaultConfigurationName = Release;
		};
		13B78B022ACDC0A800FC70CC /* Build configuration list for PBXNativeTarget "StableChannelsUITests" */ = {
			isa = XCConfigurationList;
			buildConfigurations = (
				13B78B032ACDC0A800FC70CC /* Debug */,
				13B78B042ACDC0A800FC70CC /* Release */,
			);
			defaultConfigurationIsVisible = 0;
			defaultConfigurationName = Release;
		};
/* End XCConfigurationList section */

/* Begin XCVersionGroup section */
		13B78AE12ACDC0A800FC70CC /* StableChannels.xcdatamodeld */ = {
			isa = XCVersionGroup;
			children = (
				13B78AE22ACDC0A800FC70CC /* StableChannels.xcdatamodel */,
			);
			currentVersion = 13B78AE22ACDC0A800FC70CC /* StableChannels.xcdatamodel */;
			path = StableChannels.xcdatamodeld;
			sourceTree = "<group>";
			versionGroupType = wrapper.xcdatamodel;
		};
/* End XCVersionGroup section */
	};
	rootObject = 13B78ACB2ACDC0A700FC70CC /* Project object */;
}
